
Microsoft Visual Studio Solution File, Format Version 12.00
# Visual Studio 15
VisualStudioVersion = 15.0.28010.0
MinimumVisualStudioVersion = 10.0.40219.1
Project("{FAE04EC0-301F-11D3-BF4B-00C04F79EFBC}") = "RemoteLoaderControl", "RemoteLoaderControl\RemoteLoaderControl.csproj", "{CA8278F5-4E3F-4E02-A238-93CA6A19807F}"
EndProject
Global
	GlobalSection(SolutionConfigurationPlatforms) = preSolution
		Debug|Any CPU = Debug|Any CPU
		Release|Any CPU = Release|Any CPU
	EndGlobalSection
	GlobalSection(ProjectConfigurationPlatforms) = postSolution
		{CA8278F5-4E3F-4E02-A238-93CA6A19807F}.Debug|Any CPU.ActiveCfg = Debug|Any CPU
		{CA8278F5-4E3F-4E02-A238-93CA6A19807F}.Debug|Any CPU.Build.0 = Debug|Any CPU
		{CA8278F5-4E3F-4E02-A238-93CA6A19807F}.Release|Any CPU.ActiveCfg = Release|Any CPU
		{CA8278F5-4E3F-4E02-A238-93CA6A19807F}.Release|Any CPU.Build.0 = Release|Any CPU
	EndGlobalSection
	GlobalSection(SolutionProperties) = preSolution
		HideSolutionNode = FALSE
	EndGlobalSection
	GlobalSection(ExtensibilityGlobals) = postSolution
		SolutionGuid = {DD876428-79CE-4915-98A0-8127693027AA}
	EndGlobalSection
EndGlobal
